Microsoft Visual Studio Solution File, Format Version 12.00
# Visual Studio Version 17
VisualStudioVersion = 17.10.35027.167
MinimumVisualStudioVersion = 10.0.40219.1
Project("{9A19103F-16F7-4668-BE54-9A1E7A4F7556}") = "SuperShop", "SuperShop.csproj", "{79B44802-1EC6-4F11-9750-8DD475C9120F}"
EndProject
Project("{FAE04EC0-301F-11D3-BF4B-00C04F79EFBC}") = "SuperShop.Prism", "..\SuperShop.Prism\SuperShop.Prism\SuperShop.Prism.csproj", "{A1D2AE2E-3C07-4288-9E21-971308F1EDE4}"
EndProject
Project("{FAE04EC0-301F-11D3-BF4B-00C04F79EFBC}") = "SuperShop.Prism.Android", "..\SuperShop.Prism\SuperShop.Prism.Android\SuperShop.Prism.Android.csproj", "{71148C07-8FBA-4803-A5F4-4B9B166BDC14}"
EndProject
Project("{FAE04EC0-301F-11D3-BF4B-00C04F79EFBC}") = "SuperShop.Prism.iOS", "..\SuperShop.Prism\SuperShop.Prism.iOS\SuperShop.Prism.iOS.csproj", "{912855AA-51E6-4580-884A-50009217E130}"
EndProject
Global
	GlobalSection(SolutionConfigurationPlatforms) = preSolution
		Ad-Hoc|Any CPU = Ad-Hoc|Any CPU
		Ad-Hoc|ARM = Ad-Hoc|ARM
		Ad-Hoc|iPhone = Ad-Hoc|iPhone
		Ad-Hoc|iPhoneSimulator = Ad-Hoc|iPhoneSimulator
		Ad-Hoc|x64 = Ad-Hoc|x64
		Ad-Hoc|x86 = Ad-Hoc|x86
		AppStore|Any CPU = AppStore|Any CPU
		AppStore|ARM = AppStore|ARM
		AppStore|iPhone = AppStore|iPhone
		AppStore|iPhoneSimulator = AppStore|iPhoneSimulator
		AppStore|x64 = AppStore|x64
		AppStore|x86 = AppStore|x86
		Debug|Any CPU = Debug|Any CPU
		Debug|ARM = Debug|ARM
		Debug|iPhone = Debug|iPhone
		Debug|iPhoneSimulator = Debug|iPhoneSimulator
		Debug|x64 = Debug|x64
		Debug|x86 = Debug|x86
		Release|Any CPU = Release|Any CPU
		Release|ARM = Release|ARM
		Release|iPhone = Release|iPhone
		Release|iPhoneSimulator = Release|iPhoneSimulator
		Release|x64 = Release|x64
		Release|x86 = Release|x86
	EndGlobalSection
	GlobalSection(ProjectConfigurationPlatforms) = postSolution
		{71148C07-8FBA-4803-A5F4-4B9B166BDC14}.Ad-Hoc|Any CPU.ActiveCfg = Debug|Any CPU
		{71148C07-8FBA-4803-A5F4-4B9B166BDC14}.Ad-Hoc|Any CPU.Build.0 = Debug|Any CPU
		{71148C07-8FBA-4803-A5F4-4B9B166BDC14}.Ad-Hoc|Any CPU.Deploy.0 = Debug|Any CPU
		{71148C07-8FBA-4803-A5F4-4B9B166BDC14}.Ad-Hoc|ARM.ActiveCfg = Debug|Any CPU
		{71148C07-8FBA-4803-A5F4-4B9B166BDC14}.Ad-Hoc|ARM.Build.0 = Debug|Any CPU
		{71148C07-8FBA-4803-A5F4-4B9B166BDC14}.Ad-Hoc|ARM.Deploy.0 = Debug|Any CPU
		{71148C07-8FBA-4803-A5F4-4B9B166BDC14}.Ad-Hoc|iPhone.ActiveCfg = Debug|Any CPU
		{71148C07-8FBA-4803-A5F4-4B9B166BDC14}.Ad-Hoc|iPhone.Build.0 = Debug|Any CPU
		{71148C07-8FBA-4803-A5F4-4B9B166BDC14}.Ad-Hoc|iPhone.Deploy.0 = Debug|Any CPU
		{71148C07-8FBA-4803-A5F4-4B9B166BDC14}.Ad-Hoc|iPhoneSimulator.ActiveCfg = Debug|Any CPU
		{71148C07-8FBA-4803-A5F4-4B9B166BDC14}.Ad-Hoc|iPhoneSimulator.Build.0 = Debug|Any CPU
		{71148C07-8FBA-4803-A5F4-4B9B166BDC14}.Ad-Hoc|iPhoneSimulator.Deploy.0 = Debug|Any CPU
		{71148C07-8FBA-4803-A5F4-4B9B166BDC14}.Ad-Hoc|x64.ActiveCfg = Debug|Any CPU
		{71148C07-8FBA-4803-A5F4-4B9B166BDC14}.Ad-Hoc|x64.Build.0 = Debug|Any CPU
		{71148C07-8FBA-4803-A5F4-4B9B166BDC14}.Ad-Hoc|x64.Deploy.0 = Debug|Any CPU
		{71148C07-8FBA-4803-A5F4-4B9B166BDC14}.Ad-Hoc|x86.ActiveCfg = Debug|Any CPU
		{71148C07-8FBA-4803-A5F4-4B9B166BDC14}.Ad-Hoc|x86.Build.0 = Debug|Any CPU
		{71148C07-8FBA-4803-A5F4-4B9B166BDC14}.Ad-Hoc|x86.Deploy.0 = Debug|Any CPU
		{71148C07-8FBA-4803-A5F4-4B9B166BDC14}.AppStore|Any CPU.ActiveCfg = Debug|Any CPU
		{71148C07-8FBA-4803-A5F4-4B9B166BDC14}.AppStore|Any CPU.Build.0 = Debug|Any CPU
		{71148C07-8FBA-4803-A5F4-4B9B166BDC14}.AppStore|Any CPU.Deploy.0 = Debug|Any CPU
		{71148C07-8FBA-4803-A5F4-4B9B166BDC14}.AppStore|ARM.ActiveCfg = Debug|Any CPU
		{71148C07-8FBA-4803-A5F4-4B9B166BDC14}.AppStore|ARM.Build.0 = Debug|Any CPU
		{71148C07-8FBA-4803-A5F4-4B9B166BDC14}.AppStore|ARM.Deploy.0 = Debug|Any CPU
		{71148C07-8FBA-4803-A5F4-4B9B166BDC14}.AppStore|iPhone.ActiveCfg = Debug|Any CPU
		{71148C07-8FBA-4803-A5F4-4B9B166BDC14}.AppStore|iPhone.Build.0 = Debug|Any CPU
		{71148C07-8FBA-4803-A5F4-4B9B166BDC14}.AppStore|iPhone.Deploy.0 = Debug|Any CPU
		{71148C07-8FBA-4803-A5F4-4B9B166BDC14}.AppStore|iPhoneSimulator.ActiveCfg = Debug|Any CPU
		{71148C07-8FBA-4803-A5F4-4B9B166BDC14}.AppStore|iPhoneSimulator.Build.0 = Debug|Any CPU
		{71148C07-8FBA-4803-A5F4-4B9B166BDC14}.AppStore|iPhoneSimulator.Deploy.0 = Debug|Any CPU
		{71148C07-8FBA-4803-A5F4-4B9B166BDC14}.AppStore|x64.ActiveCfg = Debug|Any CPU
		{71148C07-8FBA-4803-A5F4-4B9B166BDC14}.AppStore|x64.Build.0 = Debug|Any CPU
		{71148C07-8FBA-4803-A5F4-4B9B166BDC14}.AppStore|x64.Deploy.0 = Debug|Any CPU
		{71148C07-8FBA-4803-A5F4-4B9B166BDC14}.AppStore|x86.ActiveCfg = Debug|Any CPU
		{71148C07-8FBA-4803-A5F4-4B9B166BDC14}.AppStore|x86.Build.0 = Debug|Any CPU
		{71148C07-8FBA-4803-A5F4-4B9B166BDC14}.AppStore|x86.Deploy.0 = Debug|Any CPU
		{71148C07-8FBA-4803-A5F4-4B9B166BDC14}.Debug|Any CPU.ActiveCfg = Debug|Any CPU
		{71148C07-8FBA-4803-A5F4-4B9B166BDC14}.Debug|Any CPU.Build.0 = Debug|Any CPU
		{71148C07-8FBA-4803-A5F4-4B9B166BDC14}.Debug|Any CPU.Deploy.0 = Debug|Any CPU
		{71148C07-8FBA-4803-A5F4-4B9B166BDC14}.Debug|ARM.ActiveCfg = Debug|Any CPU
		{71148C07-8FBA-4803-A5F4-4B9B166BDC14}.Debug|ARM.Build.0 = Debug|Any CPU
		{71148C07-8FBA-4803-A5F4-4B9B166BDC14}.Debug|ARM.Deploy.0 = Debug|Any CPU
		{71148C07-8FBA-4803-A5F4-4B9B166BDC14}.Debug|iPhone.ActiveCfg = Debug|Any CPU
		{71148C07-8FBA-4803-A5F4-4B9B166BDC14}.Debug|iPhone.Build.0 = Debug|Any CPU
		{71148C07-8FBA-4803-A5F4-4B9B166BDC14}.Debug|iPhone.Deploy.0 = Debug|Any CPU
		{71148C07-8FBA-4803-A5F4-4B9B166BDC14}.Debug|iPhoneSimulator.ActiveCfg = Debug|Any CPU
		{71148C07-8FBA-4803-A5F4-4B9B166BDC14}.Debug|iPhoneSimulator.Build.0 = Debug|Any CPU
		{71148C07-8FBA-4803-A5F4-4B9B166BDC14}.Debug|iPhoneSimulator.Deploy.0 = Debug|Any CPU
		{71148C07-8FBA-4803-A5F4-4B9B166BDC14}.Debug|x64.ActiveCfg = Debug|Any CPU
		{71148C07-8FBA-4803-A5F4-4B9B166BDC14}.Debug|x64.Build.0 = Debug|Any CPU
		{71148C07-8FBA-4803-A5F4-4B9B166BDC14}.Debug|x64.Deploy.0 = Debug|Any CPU
		{71148C07-8FBA-4803-A5F4-4B9B166BDC14}.Debug|x86.ActiveCfg = Debug|Any CPU
		{71148C07-8FBA-4803-A5F4-4B9B166BDC14}.Debug|x86.Build.0 = Debug|Any CPU
		{71148C07-8FBA-4803-A5F4-4B9B166BDC14}.Debug|x86.Deploy.0 = Debug|Any CPU
		{71148C07-8FBA-4803-A5F4-4B9B166BDC14}.Release|Any CPU.ActiveCfg = Release|Any CPU
		{71148C07-8FBA-4803-A5F4-4B9B166BDC14}.Release|Any CPU.Build.0 = Release|Any CPU
		{71148C07-8FBA-4803-A5F4-4B9B166BDC14}.Release|Any CPU.Deploy.0 = Release|Any CPU
		{71148C07-8FBA-4803-A5F4-4B9B166BDC14}.Release|ARM.ActiveCfg = Release|Any CPU
		{71148C07-8FBA-4803-A5F4-4B9B166BDC14}.Release|ARM.Build.0 = Release|Any CPU
		{71148C07-8FBA-4803-A5F4-4B9B166BDC14}.Release|ARM.Deploy.0 = Release|Any CPU
		{71148C07-8FBA-4803-A5F4-4B9B166BDC14}.Release|iPhone.ActiveCfg = Release|Any CPU
		{71148C07-8FBA-4803-A5F4-4B9B166BDC14}.Release|iPhone.Build.0 = Release|Any CPU
		{71148C07-8FBA-4803-A5F4-4B9B166BDC14}.Release|iPhone.Deploy.0 = Release|Any CPU
		{71148C07-8FBA-4803-A5F4-4B9B166BDC14}.Release|iPhoneSimulator.ActiveCfg = Release|Any CPU
		{71148C07-8FBA-4803-A5F4-4B9B166BDC14}.Release|iPhoneSimulator.Build.0 = Release|Any CPU
		{71148C07-8FBA-4803-A5F4-4B9B166BDC14}.Release|iPhoneSimulator.Deploy.0 = Release|Any CPU
		{71148C07-8FBA-4803-A5F4-4B9B166BDC14}.Release|x64.ActiveCfg = Release|Any CPU
		{71148C07-8FBA-4803-A5F4-4B9B166BDC14}.Release|x64.Build.0 = Release|Any CPU
		{71148C07-8FBA-4803-A5F4-4B9B166BDC14}.Release|x64.Deploy.0 = Release|Any CPU
		{71148C07-8FBA-4803-A5F4-4B9B166BDC14}.Release|x86.ActiveCfg = Release|Any CPU
		{71148C07-8FBA-4803-A5F4-4B9B166BDC14}.Release|x86.Build.0 = Release|Any CPU
		{71148C07-8FBA-4803-A5F4-4B9B166BDC14}.Release|x86.Deploy.0 = Release|Any CPU
		{79B44802-1EC6-4F11-9750-8DD475C9120F}.Ad-Hoc|Any CPU.ActiveCfg = Release|Any CPU
		{79B44802-1EC6-4F11-9750-8DD475C9120F}.Ad-Hoc|Any CPU.Build.0 = Release|Any CPU
		{79B44802-1EC6-4F11-9750-8DD475C9120F}.Ad-Hoc|ARM.ActiveCfg = Release|Any CPU
		{79B44802-1EC6-4F11-9750-8DD475C9120F}.Ad-Hoc|ARM.Build.0 = Release|Any CPU
		{79B44802-1EC6-4F11-9750-8DD475C9120F}.Ad-Hoc|iPhone.ActiveCfg = Release|Any CPU
		{79B44802-1EC6-4F11-9750-8DD475C9120F}.Ad-Hoc|iPhone.Build.0 = Release|Any CPU
		{79B44802-1EC6-4F11-9750-8DD475C9120F}.Ad-Hoc|iPhoneSimulator.ActiveCfg = Release|Any CPU
		{79B44802-1EC6-4F11-9750-8DD475C9120F}.Ad-Hoc|iPhoneSimulator.Build.0 = Release|Any CPU
		{79B44802-1EC6-4F11-9750-8DD475C9120F}.Ad-Hoc|x64.ActiveCfg = Release|Any CPU
		{79B44802-1EC6-4F11-9750-8DD475C9120F}.Ad-Hoc|x64.Build.0 = Release|Any CPU
		{79B44802-1EC6-4F11-9750-8DD475C9120F}.Ad-Hoc|x86.ActiveCfg = Release|Any CPU
		{79B44802-1EC6-4F11-9750-8DD475C9120F}.Ad-Hoc|x86.Build.0 = Release|Any CPU
		{79B44802-1EC6-4F11-9750-8DD475C9120F}.AppStore|Any CPU.ActiveCfg = Release|Any CPU
		{79B44802-1EC6-4F11-9750-8DD475C9120F}.AppStore|Any CPU.Build.0 = Release|Any CPU
		{79B44802-1EC6-4F11-9750-8DD475C9120F}.AppStore|ARM.ActiveCfg = Release|Any CPU
		{79B44802-1EC6-4F11-9750-8DD475C9120F}.AppStore|ARM.Build.0 = Release|Any CPU
		{79B44802-1EC6-4F11-9750-8DD475C9120F}.AppStore|iPhone.ActiveCfg = Release|Any CPU
		{79B44802-1EC6-4F11-9750-8DD475C9120F}.AppStore|iPhone.Build.0 = Release|Any CPU
		{79B44802-1EC6-4F11-9750-8DD475C9120F}.AppStore|iPhoneSimulator.ActiveCfg = Release|Any CPU
		{79B44802-1EC6-4F11-9750-8DD475C9120F}.AppStore|iPhoneSimulator.Build.0 = Release|Any CPU
		{79B44802-1EC6-4F11-9750-8DD475C9120F}.AppStore|x64.ActiveCfg = Release|Any CPU
		{79B44802-1EC6-4F11-9750-8DD475C9120F}.AppStore|x64.Build.0 = Release|Any CPU
		{79B44802-1EC6-4F11-9750-8DD475C9120F}.AppStore|x86.ActiveCfg = Release|Any CPU
		{79B44802-1EC6-4F11-9750-8DD475C9120F}.AppStore|x86.Build.0 = Release|Any CPU
		{79B44802-1EC6-4F11-9750-8DD475C9120F}.Debug|Any CPU.ActiveCfg = Debug|Any CPU
		{79B44802-1EC6-4F11-9750-8DD475C9120F}.Debug|Any CPU.Build.0 = Debug|Any CPU
		{79B44802-1EC6-4F11-9750-8DD475C9120F}.Debug|ARM.ActiveCfg = Debug|Any CPU
		{79B44802-1EC6-4F11-9750-8DD475C9120F}.Debug|ARM.Build.0 = Debug|Any CPU
		{79B44802-1EC6-4F11-9750-8DD475C9120F}.Debug|iPhone.ActiveCfg = Debug|Any CPU
		{79B44802-1EC6-4F11-9750-8DD475C9120F}.Debug|iPhone.Build.0 = Debug|Any CPU
		{79B44802-1EC6-4F11-9750-8DD475C9120F}.Debug|iPhoneSimulator.ActiveCfg = Debug|Any CPU
		{79B44802-1EC6-4F11-9750-8DD475C9120F}.Debug|iPhoneSimulator.Build.0 = Debug|Any CPU
		{79B44802-1EC6-4F11-9750-8DD475C9120F}.Debug|x64.ActiveCfg = Debug|Any CPU
		{79B44802-1EC6-4F11-9750-8DD475C9120F}.Debug|x64.Build.0 = Debug|Any CPU
		{79B44802-1EC6-4F11-9750-8DD475C9120F}.Debug|x86.ActiveCfg = Debug|Any CPU
		{79B44802-1EC6-4F11-9750-8DD475C9120F}.Debug|x86.Build.0 = Debug|Any CPU
		{79B44802-1EC6-4F11-9750-8DD475C9120F}.Release|Any CPU.ActiveCfg = Release|Any CPU
		{79B44802-1EC6-4F11-9750-8DD475C9120F}.Release|Any CPU.Build.0 = Release|Any CPU
		{79B44802-1EC6-4F11-9750-8DD475C9120F}.Release|ARM.ActiveCfg = Release|Any CPU
		{79B44802-1EC6-4F11-9750-8DD475C9120F}.Release|ARM.Build.0 = Release|Any CPU
		{79B44802-1EC6-4F11-9750-8DD475C9120F}.Release|iPhone.ActiveCfg = Release|Any CPU
		{79B44802-1EC6-4F11-9750-8DD475C9120F}.Release|iPhone.Build.0 = Release|Any CPU
		{79B44802-1EC6-4F11-9750-8DD475C9120F}.Release|iPhoneSimulator.ActiveCfg = Release|Any CPU
		{79B44802-1EC6-4F11-9750-8DD475C9120F}.Release|iPhoneSimulator.Build.0 = Release|Any CPU
		{79B44802-1EC6-4F11-9750-8DD475C9120F}.Release|x64.ActiveCfg = Release|Any CPU
		{79B44802-1EC6-4F11-9750-8DD475C9120F}.Release|x64.Build.0 = Release|Any CPU
		{79B44802-1EC6-4F11-9750-8DD475C9120F}.Release|x86.ActiveCfg = Release|Any CPU
		{79B44802-1EC6-4F11-9750-8DD475C9120F}.Release|x86.Build.0 = Release|Any CPU
		{912855AA-51E6-4580-884A-50009217E130}.Ad-Hoc|Any CPU.ActiveCfg = Ad-Hoc|iPhoneSimulator
		{912855AA-51E6-4580-884A-50009217E130}.Ad-Hoc|Any CPU.Build.0 = Ad-Hoc|iPhoneSimulator
		{912855AA-51E6-4580-884A-50009217E130}.Ad-Hoc|ARM.ActiveCfg = Ad-Hoc|iPhoneSimulator
		{912855AA-51E6-4580-884A-50009217E130}.Ad-Hoc|ARM.Build.0 = Ad-Hoc|iPhoneSimulator
		{912855AA-51E6-4580-884A-50009217E130}.Ad-Hoc|iPhone.ActiveCfg = Ad-Hoc|iPhone
		{912855AA-51E6-4580-884A-50009217E130}.Ad-Hoc|iPhone.Build.0 = Ad-Hoc|iPhone
		{912855AA-51E6-4580-884A-50009217E130}.Ad-Hoc|iPhoneSimulator.ActiveCfg = Ad-Hoc|iPhoneSimulator
		{912855AA-51E6-4580-884A-50009217E130}.Ad-Hoc|iPhoneSimulator.Build.0 = Ad-Hoc|iPhoneSimulator
		{912855AA-51E6-4580-884A-50009217E130}.Ad-Hoc|x64.ActiveCfg = Ad-Hoc|iPhoneSimulator
		{912855AA-51E6-4580-884A-50009217E130}.Ad-Hoc|x64.Build.0 = Ad-Hoc|iPhoneSimulator
		{912855AA-51E6-4580-884A-50009217E130}.Ad-Hoc|x86.ActiveCfg = Ad-Hoc|iPhoneSimulator
		{912855AA-51E6-4580-884A-50009217E130}.Ad-Hoc|x86.Build.0 = Ad-Hoc|iPhoneSimulator
		{912855AA-51E6-4580-884A-50009217E130}.AppStore|Any CPU.ActiveCfg = AppStore|iPhoneSimulator
		{912855AA-51E6-4580-884A-50009217E130}.AppStore|Any CPU.Build.0 = AppStore|iPhoneSimulator
		{912855AA-51E6-4580-884A-50009217E130}.AppStore|ARM.ActiveCfg = AppStore|iPhoneSimulator
		{912855AA-51E6-4580-884A-50009217E130}.AppStore|ARM.Build.0 = AppStore|iPhoneSimulator
		{912855AA-51E6-4580-884A-50009217E130}.AppStore|iPhone.ActiveCfg = AppStore|iPhone
		{912855AA-51E6-4580-884A-50009217E130}.AppStore|iPhone.Build.0 = AppStore|iPhone
		{912855AA-51E6-4580-884A-50009217E130}.AppStore|iPhoneSimulator.ActiveCfg = AppStore|iPhoneSimulator
		{912855AA-51E6-4580-884A-50009217E130}.AppStore|iPhoneSimulator.Build.0 = AppStore|iPhoneSimulator
		{912855AA-51E6-4580-884A-50009217E130}.AppStore|x64.ActiveCfg = AppStore|iPhoneSimulator
		{912855AA-51E6-4580-884A-50009217E130}.AppStore|x64.Build.0 = AppStore|iPhoneSimulator
		{912855AA-51E6-4580-884A-50009217E130}.AppStore|x86.ActiveCfg = AppStore|iPhoneSimulator
		{912855AA-51E6-4580-884A-50009217E130}.AppStore|x86.Build.0 = AppStore|iPhoneSimulator
		{912855AA-51E6-4580-884A-50009217E130}.Debug|Any CPU.ActiveCfg = Debug|iPhoneSimulator
		{912855AA-51E6-4580-884A-50009217E130}.Debug|Any CPU.Build.0 = Debug|iPhoneSimulator
		{912855AA-51E6-4580-884A-50009217E130}.Debug|ARM.ActiveCfg = Debug|iPhoneSimulator
		{912855AA-51E6-4580-884A-50009217E130}.Debug|ARM.Build.0 = Debug|iPhoneSimulator
		{912855AA-51E6-4580-884A-50009217E130}.Debug|iPhone.ActiveCfg = Debug|iPhone
		{912855AA-51E6-4580-884A-50009217E130}.Debug|iPhone.Build.0 = Debug|iPhone
		{912855AA-51E6-4580-884A-50009217E130}.Debug|iPhoneSimulator.ActiveCfg = Debug|iPhoneSimulator
		{912855AA-51E6-4580-884A-50009217E130}.Debug|iPhoneSimulator.Build.0 = Debug|iPhoneSimulator
		{912855AA-51E6-4580-884A-50009217E130}.Debug|x64.ActiveCfg = Debug|iPhoneSimulator
		{912855AA-51E6-4580-884A-50009217E130}.Debug|x64.Build.0 = Debug|iPhoneSimulator
		{912855AA-51E6-4580-884A-50009217E130}.Debug|x86.ActiveCfg = Debug|iPhoneSimulator
		{912855AA-51E6-4580-884A-50009217E130}.Debug|x86.Build.0 = Debug|iPhoneSimulator
		{912855AA-51E6-4580-884A-50009217E130}.Release|Any CPU.ActiveCfg = Release|iPhoneSimulator
		{912855AA-51E6-4580-884A-50009217E130}.Release|Any CPU.Build.0 = Release|iPhoneSimulator
		{912855AA-51E6-4580-884A-50009217E130}.Release|ARM.ActiveCfg = Release|iPhoneSimulator
		{912855AA-51E6-4580-884A-50009217E130}.Release|ARM.Build.0 = Release|iPhoneSimulator
		{912855AA-51E6-4580-884A-50009217E130}.Release|iPhone.ActiveCfg = Release|iPhone
		{912855AA-51E6-4580-884A-50009217E130}.Release|iPhone.Build.0 = Release|iPhone
		{912855AA-51E6-4580-884A-50009217E130}.Release|iPhoneSimulator.ActiveCfg = Release|iPhoneSimulator
		{912855AA-51E6-4580-884A-50009217E130}.Release|iPhoneSimulator.Build.0 = Release|iPhoneSimulator
		{912855AA-51E6-4580-884A-50009217E130}.Release|x64.ActiveCfg = Release|iPhoneSimulator
		{912855AA-51E6-4580-884A-50009217E130}.Release|x64.Build.0 = Release|iPhoneSimulator
		{912855AA-51E6-4580-884A-50009217E130}.Release|x86.ActiveCfg = Release|iPhoneSimulator
		{912855AA-51E6-4580-884A-50009217E130}.Release|x86.Build.0 = Release|iPhoneSimulator
		{A1D2AE2E-3C07-4288-9E21-971308F1EDE4}.Ad-Hoc|Any CPU.ActiveCfg = Debug|Any CPU
		{A1D2AE2E-3C07-4288-9E21-971308F1EDE4}.Ad-Hoc|Any CPU.Build.0 = Debug|Any CPU
		{A1D2AE2E-3C07-4288-9E21-971308F1EDE4}.Ad-Hoc|ARM.ActiveCfg = Debug|Any CPU
		{A1D2AE2E-3C07-4288-9E21-971308F1EDE4}.Ad-Hoc|ARM.Build.0 = Debug|Any CPU
		{A1D2AE2E-3C07-4288-9E21-971308F1EDE4}.Ad-Hoc|iPhone.ActiveCfg = Debug|Any CPU
		{A1D2AE2E-3C07-4288-9E21-971308F1EDE4}.Ad-Hoc|iPhone.Build.0 = Debug|Any CPU
		{A1D2AE2E-3C07-4288-9E21-971308F1EDE4}.Ad-Hoc|iPhoneSimulator.ActiveCfg = Debug|Any CPU
		{A1D2AE2E-3C07-4288-9E21-971308F1EDE4}.Ad-Hoc|iPhoneSimulator.Build.0 = Debug|Any CPU
		{A1D2AE2E-3C07-4288-9E21-971308F1EDE4}.Ad-Hoc|x64.ActiveCfg = Debug|Any CPU
		{A1D2AE2E-3C07-4288-9E21-971308F1EDE4}.Ad-Hoc|x64.Build.0 = Debug|Any CPU
		{A1D2AE2E-3C07-4288-9E21-971308F1EDE4}.Ad-Hoc|x86.ActiveCfg = Debug|Any CPU
		{A1D2AE2E-3C07-4288-9E21-971308F1EDE4}.Ad-Hoc|x86.Build.0 = Debug|Any CPU
		{A1D2AE2E-3C07-4288-9E21-971308F1EDE4}.AppStore|Any CPU.ActiveCfg = Debug|Any CPU
		{A1D2AE2E-3C07-4288-9E21-971308F1EDE4}.AppStore|Any CPU.Build.0 = Debug|Any CPU
		{A1D2AE2E-3C07-4288-9E21-971308F1EDE4}.AppStore|ARM.ActiveCfg = Debug|Any CPU
		{A1D2AE2E-3C07-4288-9E21-971308F1EDE4}.AppStore|ARM.Build.0 = Debug|Any CPU
		{A1D2AE2E-3C07-4288-9E21-971308F1EDE4}.AppStore|iPhone.ActiveCfg = Debug|Any CPU
		{A1D2AE2E-3C07-4288-9E21-971308F1EDE4}.AppStore|iPhone.Build.0 = Debug|Any CPU
		{A1D2AE2E-3C07-4288-9E21-971308F1EDE4}.AppStore|iPhoneSimulator.ActiveCfg = Debug|Any CPU
		{A1D2AE2E-3C07-4288-9E21-971308F1EDE4}.AppStore|iPhoneSimulator.Build.0 = Debug|Any CPU
		{A1D2AE2E-3C07-4288-9E21-971308F1EDE4}.AppStore|x64.ActiveCfg = Debug|Any CPU
		{A1D2AE2E-3C07-4288-9E21-971308F1EDE4}.AppStore|x64.Build.0 = Debug|Any CPU
		{A1D2AE2E-3C07-4288-9E21-971308F1EDE4}.AppStore|x86.ActiveCfg = Debug|Any CPU
		{A1D2AE2E-3C07-4288-9E21-971308F1EDE4}.AppStore|x86.Build.0 = Debug|Any CPU
		{A1D2AE2E-3C07-4288-9E21-971308F1EDE4}.Debug|Any CPU.ActiveCfg = Debug|Any CPU
		{A1D2AE2E-3C07-4288-9E21-971308F1EDE4}.Debug|Any CPU.Build.0 = Debug|Any CPU
		{A1D2AE2E-3C07-4288-9E21-971308F1EDE4}.Debug|ARM.ActiveCfg = Debug|Any CPU
		{A1D2AE2E-3C07-4288-9E21-971308F1EDE4}.Debug|ARM.Build.0 = Debug|Any CPU
		{A1D2AE2E-3C07-4288-9E21-971308F1EDE4}.Debug|iPhone.ActiveCfg = Debug|Any CPU
		{A1D2AE2E-3C07-4288-9E21-971308F1EDE4}.Debug|iPhone.Build.0 = Debug|Any CPU
		{A1D2AE2E-3C07-4288-9E21-971308F1EDE4}.Debug|iPhoneSimulator.ActiveCfg = Debug|Any CPU
		{A1D2AE2E-3C07-4288-9E21-971308F1EDE4}.Debug|iPhoneSimulator.Build.0 = Debug|Any CPU
		{A1D2AE2E-3C07-4288-9E21-971308F1EDE4}.Debug|x64.ActiveCfg = Debug|Any CPU
		{A1D2AE2E-3C07-4288-9E21-971308F1EDE4}.Debug|x64.Build.0 = Debug|Any CPU
		{A1D2AE2E-3C07-4288-9E21-971308F1EDE4}.Debug|x86.ActiveCfg = Debug|Any CPU
		{A1D2AE2E-3C07-4288-9E21-971308F1EDE4}.Debug|x86.Build.0 = Debug|Any CPU
		{A1D2AE2E-3C07-4288-9E21-971308F1EDE4}.Release|Any CPU.ActiveCfg = Release|Any CPU
		{A1D2AE2E-3C07-4288-9E21-971308F1EDE4}.Release|Any CPU.Build.0 = Release|Any CPU
		{A1D2AE2E-3C07-4288-9E21-971308F1EDE4}.Release|ARM.ActiveCfg = Release|Any CPU
		{A1D2AE2E-3C07-4288-9E21-971308F1EDE4}.Release|ARM.Build.0 = Release|Any CPU
		{A1D2AE2E-3C07-4288-9E21-971308F1EDE4}.Release|iPhone.ActiveCfg = Release|Any CPU
		{A1D2AE2E-3C07-4288-9E21-971308F1EDE4}.Release|iPhone.Build.0 = Release|Any CPU
		{A1D2AE2E-3C07-4288-9E21-971308F1EDE4}.Release|iPhoneSimulator.ActiveCfg = Release|Any CPU
		{A1D2AE2E-3C07-4288-9E21-971308F1EDE4}.Release|iPhoneSimulator.Build.0 = Release|Any CPU
		{A1D2AE2E-3C07-4288-9E21-971308F1EDE4}.Release|x64.ActiveCfg = Release|Any CPU
		{A1D2AE2E-3C07-4288-9E21-971308F1EDE4}.Release|x64.Build.0 = Release|Any CPU
		{A1D2AE2E-3C07-4288-9E21-971308F1EDE4}.Release|x86.ActiveCfg = Release|Any CPU
		{A1D2AE2E-3C07-4288-9E21-971308F1EDE4}.Release|x86.Build.0 = Release|Any CPU
	EndGlobalSection
	GlobalSection(SolutionProperties) = preSolution
		HideSolutionNode = FALSE
	EndGlobalSection
	GlobalSection(ExtensibilityGlobals) = postSolution
		SolutionGuid = {3350C2AB-1676-4741-B350-C27195674D6F}
	EndGlobalSection
EndGlobal
tiveCfg = Debug|x64
		{F1C8404E-9DD0-4D3E-8200-FDD705B690E0}.Ad-Hoc|Any CPU.Build.0 = Debug|x64
		{F1C8404E-9DD0-4D3E-8200-FDD705B690E0}.Ad-Hoc|Any CPU.Deploy.0 = Debug|x64
		{F1C8404E-9DD0-4D3E-8200-FDD705B690E0}.Ad-Hoc|ARM.ActiveCfg = Debug|ARM
		{F1C8404E-9DD0-4D3E-8200-FDD705B690E0}.Ad-Hoc|ARM.Build.0 = Debug|ARM
		{F1C8404E-9DD0-4D3E-8200-FDD705B690E0}.Ad-Hoc|ARM.Deploy.0 = Debug|ARM
		{F1C8404E-9DD0-4D3E-8200-FDD705B690E0}.Ad-Hoc|iPhone.ActiveCfg = Debug|x64
		{F1C8404E-9DD0-4D3E-8200-FDD705B690E0}.Ad-Hoc|iPhone.Build.0 = Debug|x64
		{F1C8404E-9DD0-4D3E-8200-FDD705B690E0}.Ad-Hoc|iPhone.Deploy.0 = Debug|x64
		{F1C8404E-9DD0-4D3E-8200-FDD705B690E0}.Ad-Hoc|iPhoneSimulator.ActiveCfg = Debug|x64
		{F1C8404E-9DD0-4D3E-8200-FDD705B690E0}.Ad-Hoc|iPhoneSimulator.Build.0 = Debug|x64
		{F1C8404E-9DD0-4D3E-8200-FDD705B690E0}.Ad-Hoc|iPhoneSimulator.Deploy.0 = Debug|x64
		{F1C8404E-9DD0-4D3E-8200-FDD705B690E0}.Ad-Hoc|x64.ActiveCfg = Debug|x64
		{F1C8404E-9DD0-4D3E-8200-FDD705B690E0}.Ad-Hoc|x64.Build.0 = Debug|x64
		{F1C8404E-9DD0-4D3E-8200-FDD705B690E0}.Ad-Hoc|x64.Deploy.0 = Debug|x64
		{F1C8404E-9DD0-4D3E-8200-FDD705B690E0}.Ad-Hoc|x86.ActiveCfg = Debug|x86
		{F1C8404E-9DD0-4D3E-8200-FDD705B690E0}.Ad-Hoc|x86.Build.0 = Debug|x86
		{F1C8404E-9DD0-4D3E-8200-FDD705B690E0}.Ad-Hoc|x86.Deploy.0 = Debug|x86
		{F1C8404E-9DD0-4D3E-8200-FDD705B690E0}.AppStore|Any CPU.ActiveCfg = Debug|x64
		{F1C8404E-9DD0-4D3E-8200-FDD705B690E0}.AppStore|Any CPU.Build.0 = Debug|x64
		{F1C8404E-9DD0-4D3E-8200-FDD705B690E0}.AppStore|Any CPU.Deploy.0 = Debug|x64
		{F1C8404E-9DD0-4D3E-8200-FDD705B690E0}.AppStore|ARM.ActiveCfg = Debug|ARM
		{F1C8404E-9DD0-4D3E-8200-FDD705B690E0}.AppStore|ARM.Build.0 = Debug|ARM
		{F1C8404E-9DD0-4D3E-8200-FDD705B690E0}.AppStore|ARM.Deploy.0 = Debug|ARM
		{F1C8404E-9DD0-4D3E-8200-FDD705B690E0}.AppStore|iPhone.ActiveCfg = Debug|x64
		{F1C8404E-9DD0-4D3E-8200-FDD705B690E0}.AppStore|iPhone.Build.0 = Debug|x64
		{F1C8404E-9DD0-4D3E-8200-FDD705B690E0}.AppStore|iPhone.Deploy.0 = Debug|x64
		{F1C8404E-9DD0-4D3E-8200-FDD705B690E0}.AppStore|iPhoneSimulator.ActiveCfg = Debug|x64
		{F1C8404E-9DD0-4D3E-8200-FDD705B690E0}.AppStore|iPhoneSimulator.Build.0 = Debug|x64
		{F1C8404E-9DD0-4D3E-8200-FDD705B690E0}.AppStore|iPhoneSimulator.Deploy.0 = Debug|x64
		{F1C8404E-9DD0-4D3E-8200-FDD705B690E0}.AppStore|x64.ActiveCfg = Debug|x64
		{F1C8404E-9DD0-4D3E-8200-FDD705B690E0}.AppStore|x64.Build.0 = Debug|x64
		{F1C8404E-9DD0-4D3E-8200-FDD705B690E0}.AppStore|x64.Deploy.0 = Debug|x64
		{F1C8404E-9DD0-4D3E-8200-FDD705B690E0}.AppStore|x86.ActiveCfg = Debug|x86
		{F1C8404E-9DD0-4D3E-8200-FDD705B690E0}.AppStore|x86.Build.0 = Debug|x86
		{F1C8404E-9DD0-4D3E-8200-FDD705B690E0}.AppStore|x86.Deploy.0 = Debug|x86
		{F1C8404E-9DD0-4D3E-8200-FDD705B690E0}.Debug|Any CPU.ActiveCfg = Debug|x64
		{F1C8404E-9DD0-4D3E-8200-FDD705B690E0}.Debug|Any CPU.Build.0 = Debug|x64
		{F1C8404E-9DD0-4D3E-8200-FDD705B690E0}.Debug|Any CPU.Deploy.0 = Debug|x64
		{F1C8404E-9DD0-4D3E-8200-FDD705B690E0}.Debug|ARM.ActiveCfg = Debug|ARM
		{F1C8404E-9DD0-4D3E-8200-FDD705B690E0}.Debug|ARM.Build.0 = Debug|ARM
		{F1C8404E-9DD0-4D3E-8200-FDD705B690E0}.Debug|ARM.Deploy.0 = Debug|ARM
		{F1C8404E-9DD0-4D3E-8200-FDD705B690E0}.Debug|iPhone.ActiveCfg = Debug|x64
		{F1C8404E-9DD0-4D3E-8200-FDD705B690E0}.Debug|iPhone.Build.0 = Debug|x64
		{F1C8404E-9DD0-4D3E-8200-FDD705B690E0}.Debug|iPhone.Deploy.0 = Debug|x64
		{F1C8404E-9DD0-4D3E-8200-FDD705B690E0}.Debug|iPhoneSimulator.ActiveCfg = Debug|x64
		{F1C8404E-9DD0-4D3E-8200-FDD705B690E0}.Debug|iPhoneSimulator.Build.0 = Debug|x64
		{F1C8404E-9DD0-4D3E-8200-FDD705B690E0}.Debug|iPhoneSimulator.Deploy.0 = Debug|x64
		{F1C8404E-9DD0-4D3E-8200-FDD705B690E0}.Debug|x64.ActiveCfg = Debug|x64
		{F1C8404E-9DD0-4D3E-8200-FDD705B690E0}.Debug|x64.Build.0 = Debug|x64
		{F1C8404E-9DD0-4D3E-8200-FDD705B690E0}.Debug|x64.Deploy.0 = Debug|x64
		{F1C8404E-9DD0-4D3E-8200-FDD705B690E0}.Debug|x86.ActiveCfg = Debug|x86
		{F1C8404E-9DD0-4D3E-8200-FDD705B690E0}.Debug|x86.Build.0 = Debug|x86
		{F1C8404E-9DD0-4D3E-8200-FDD705B690E0}.Debug|x86.Deploy.0 = Debug|x86
		{F1C8404E-9DD0-4D3E-8200-FDD705B690E0}.Release|Any CPU.ActiveCfg = Release|x64
		{F1C8404E-9DD0-4D3E-8200-FDD705B690E0}.Release|Any CPU.Build.0 = Release|x64
		{F1C8404E-9DD0-4D3E-8200-FDD705B690E0}.Release|Any CPU.Deploy.0 = Release|x64
		{F1C8404E-9DD0-4D3E-8200-FDD705B690E0}.Release|ARM.ActiveCfg = Release|ARM
		{F1C8404E-9DD0-4D3E-8200-FDD705B690E0}.Release|ARM.Build.0 = Release|ARM
		{F1C8404E-9DD0-4D3E-8200-FDD705B690E0}.Release|ARM.Deploy.0 = Release|ARM
		{F1C8404E-9DD0-4D3E-8200-FDD705B690E0}.Release|iPhone.ActiveCfg = Release|x64
		{F1C8404E-9DD0-4D3E-8200-FDD705B690E0}.Release|iPhone.Build.0 = Release|x64
		{F1C8404E-9DD0-4D3E-8200-FDD705B690E0}.Release|iPhone.Deploy.0 = Release|x64
		{F1C8404E-9DD0-4D3E-8200-FDD705B690E0}.Release|iPhoneSimulator.ActiveCfg = Release|x64
		{F1C8404E-9DD0-4D3E-8200-FDD705B690E0}.Release|iPhoneSimulator.Build.0 = Release|x64
		{F1C8404E-9DD0-4D3E-8200-FDD705B690E0}.Release|iPhoneSimulator.Deploy.0 = Release|x64
		{F1C8404E-9DD0-4D3E-8200-FDD705B690E0}.Release|x64.ActiveCfg = Release|x64
		{F1C8404E-9DD0-4D3E-8200-FDD705B690E0}.Release|x64.Build.0 = Release|x64
		{F1C8404E-9DD0-4D3E-8200-FDD705B690E0}.Release|x64.Deploy.0 = Release|x64
		{F1C8404E-9DD0-4D3E-8200-FDD705B690E0}.Release|x86.ActiveCfg = Release|x86
		{F1C8404E-9DD0-4D3E-8200-FDD705B690E0}.Release|x86.Build.0 = Release|x86
		{F1C8404E-9DD0-4D3E-8200-FDD705B690E0}.Release|x86.Deploy.0 = Release|x86
	EndGlobalSection
	GlobalSection(SolutionProperties) = preSolution
		HideSolutionNode = FALSE
	EndGlobalSection
	GlobalSection(ExtensibilityGlobals) = postSolution
		SolutionGuid = {3350C2AB-1676-4741-B350-C27195674D6F}
	EndGlobalSection
EndGlobal
